
Microsoft Visual Studio Solution File, Format Version 12.00
# Visual Studio Version 17
VisualStudioVersion = 17.0.31903.59
MinimumVisualStudioVersion = 10.0.40219.1
Project("{2150E333-8FDC-42A3-9474-1A3956D46DE8}") = "Source", "Source", "{B8EFCA5F-814F-285C-A8CB-F00F14650265}"
EndProject
Project("{FAE04EC0-301F-11D3-BF4B-00C04F79EFBC}") = "WindowsWorkflowAutomator", "Source\WindowsWorkflowAutomator\WindowsWorkflowAutomator.csproj", "{AC2313D7-8EA3-4BE8-BD92-9E3036D78739}"
EndProject
Project("{2150E333-8FDC-42A3-9474-1A3956D46DE8}") = "Tests", "Tests", "{0AB3BF05-4346-4AA6-1389-037BE0695223}"
EndProject
Project("{FAE04EC0-301F-11D3-BF4B-00C04F79EFBC}") = "WindowsWorkflowAutomator.Tests", "Tests\WindowsWorkflowAutomator.Tests\WindowsWorkflowAutomator.Tests.csproj", "{423CA702-31C6-469A-BD37-4D61902CCBB1}"
EndProject
Global
	GlobalSection(SolutionConfigurationPlatforms) = preSolution
		Debug|Any CPU = Debug|Any CPU
		Debug|x64 = Debug|x64
		Debug|x86 = Debug|x86
		Release|Any CPU = Release|Any CPU
		Release|x64 = Release|x64
		Release|x86 = Release|x86
	EndGlobalSection
	GlobalSection(ProjectConfigurationPlatforms) = postSolution
		{AC2313D7-8EA3-4BE8-BD92-9E3036D78739}.Debug|Any CPU.ActiveCfg = Debug|Any CPU
		{AC2313D7-8EA3-4BE8-BD92-9E3036D78739}.Debug|Any CPU.Build.0 = Debug|Any CPU
		{AC2313D7-8EA3-4BE8-BD92-9E3036D78739}.Debug|x64.ActiveCfg = Debug|Any CPU
		{AC2313D7-8EA3-4BE8-BD92-9E3036D78739}.Debug|x64.Build.0 = Debug|Any CPU
		{AC2313D7-8EA3-4BE8-BD92-9E3036D78739}.Debug|x86.ActiveCfg = Debug|Any CPU
		{AC2313D7-8EA3-4BE8-BD92-9E3036D78739}.Debug|x86.Build.0 = Debug|Any CPU
		{AC2313D7-8EA3-4BE8-BD92-9E3036D78739}.Release|Any CPU.ActiveCfg = Release|Any CPU
		{AC2313D7-8EA3-4BE8-BD92-9E3036D78739}.Release|Any CPU.Build.0 = Release|Any CPU
		{AC2313D7-8EA3-4BE8-BD92-9E3036D78739}.Release|x64.ActiveCfg = Release|Any CPU
		{AC2313D7-8EA3-4BE8-BD92-9E3036D78739}.Release|x64.Build.0 = Release|Any CPU
		{AC2313D7-8EA3-4BE8-BD92-9E3036D78739}.Release|x86.ActiveCfg = Release|Any CPU
		{AC2313D7-8EA3-4BE8-BD92-9E3036D78739}.Release|x86.Build.0 = Release|Any CPU
		{423CA702-31C6-469A-BD37-4D61902CCBB1}.Debug|Any CPU.ActiveCfg = Debug|Any CPU
		{423CA702-31C6-469A-BD37-4D61902CCBB1}.Debug|Any CPU.Build.0 = Debug|Any CPU
		{423CA702-31C6-469A-BD37-4D61902CCBB1}.Debug|x64.ActiveCfg = Debug|Any CPU
		{423CA702-31C6-469A-BD37-4D61902CCBB1}.Debug|x64.Build.0 = Debug|Any CPU
		{423CA702-31C6-469A-BD37-4D61902CCBB1}.Debug|x86.ActiveCfg = Debug|Any CPU
		{423CA702-31C6-469A-BD37-4D61902CCBB1}.Debug|x86.Build.0 = Debug|Any CPU
		{423CA702-31C6-469A-BD37-4D61902CCBB1}.Release|Any CPU.ActiveCfg = Release|Any CPU
		{423CA702-31C6-469A-BD37-4D61902CCBB1}.Release|Any CPU.Build.0 = Release|Any CPU
		{423CA702-31C6-469A-BD37-4D61902CCBB1}.Release|x64.ActiveCfg = Release|Any CPU
		{423CA702-31C6-469A-BD37-4D61902CCBB1}.Release|x64.Build.0 = Release|Any CPU
		{423CA702-31C6-469A-BD37-4D61902CCBB1}.Release|x86.ActiveCfg = Release|Any CPU
		{423CA702-31C6-469A-BD37-4D61902CCBB1}.Release|x86.Build.0 = Release|Any CPU
	EndGlobalSection
	GlobalSection(SolutionProperties) = preSolution
		HideSolutionNode = FALSE
	EndGlobalSection
	GlobalSection(NestedProjects) = preSolution
		{AC2313D7-8EA3-4BE8-BD92-9E3036D78739} = {B8EFCA5F-814F-285C-A8CB-F00F14650265}
		{423CA702-31C6-469A-BD37-4D61902CCBB1} = {0AB3BF05-4346-4AA6-1389-037BE0695223}
	EndGlobalSection
EndGlobal
